// !$*UTF8*$!
{
	archiveVersion = 1;
	classes = {
	};
	objectVersion = 48;
	objects = {

/* Begin PBXBuildFile section */
		43382E901F6F6CFA008BDEBC /* WangStack.swift in Sources */ = {isa = PBXBuildFile; fileRef = 43382E8F1F6F6CFA008BDEBC /* WangStack.swift */; };
		43382E921F6F6DA6008BDEBC /* AlgorithmRun.swift in Sources */ = {isa = PBXBuildFile; fileRef = 43382E911F6F6DA6008BDEBC /* AlgorithmRun.swift */; };
		43382E941F6F6F3B008BDEBC /* WangQueue.swift in Sources */ = {isa = PBXBuildFile; fileRef = 43382E931F6F6F3B008BDEBC /* WangQueue.swift */; };
		43382E961F6F7471008BDEBC /* WangClosures.swift in Sources */ = {isa = PBXBuildFile; fileRef = 43382E951F6F7471008BDEBC /* WangClosures.swift */; };
		4348BA901F6BA31300B22D4B /* WangSnapKitViewController.swift in Sources */ = {isa = PBXBuildFile; fileRef = 4348BA8F1F6BA31300B22D4B /* WangSnapKitViewController.swift */; };
		4348BA921F6BA7F000B22D4B /* WangKingfisherViewController.swift in Sources */ = {isa = PBXBuildFile; fileRef = 4348BA911F6BA7F000B22D4B /* WangKingfisherViewController.swift */; };
		43D281B51F665BF700207847 /* AppDelegate.swift in Sources */ = {isa = PBXBuildFile; fileRef = 43D281B41F665BF700207847 /* AppDelegate.swift */; };
		43D281B71F665BF700207847 /* ViewController.swift in Sources */ = {isa = PBXBuildFile; fileRef = 43D281B61F665BF700207847 /* ViewController.swift */; };
		43D281BC1F665BF700207847 /* Assets.xcassets in Resources */ = {isa = PBXBuildFile; fileRef = 43D281BB1F665BF700207847 /* Assets.xcassets */; };
		43D281BF1F665BF700207847 /* LaunchScreen.storyboard in Resources */ = {isa = PBXBuildFile; fileRef = 43D281BD1F665BF700207847 /* LaunchScreen.storyboard */; };
		43D281C81F665F6600207847 /* test.png in Resources */ = {isa = PBXBuildFile; fileRef = 43D281C71F665F6600207847 /* test.png */; };
		43D281CA1F66701700207847 /* WangUIViewController.swift in Sources */ = {isa = PBXBuildFile; fileRef = 43D281C91F66701700207847 /* WangUIViewController.swift */; };
		43D281CC1F66820B00207847 /* WangNetViewController.swift in Sources */ = {isa = PBXBuildFile; fileRef = 43D281CB1F66820B00207847 /* WangNetViewController.swift */; };
		43D281D01F67715700207847 /* Podfile in Resources */ = {isa = PBXBuildFile; fileRef = 43D281CF1F67715700207847 /* Podfile */; };
		43D281D21F67729700207847 /* WangAlamofireAndSwiftyJSONViewController.swift in Sources */ = {isa = PBXBuildFile; fileRef = 43D281D11F67729700207847 /* WangAlamofireAndSwiftyJSONViewController.swift */; };
		43D281DC1F68C17900207847 /* WangAutolayoutViewController.swift in Sources */ = {isa = PBXBuildFile; fileRef = 43D281DB1F68C17900207847 /* WangAutolayoutViewController.swift */; };
		43E773BA1F6A5BB8005C0734 /* Test.m in Sources */ = {isa = PBXBuildFile; fileRef = 43E773B91F6A5BB8005C0734 /* Test.m */; };
		43E773BC1F6A5C41005C0734 /* WangOCBridgingViewController.swift in Sources */ = {isa = PBXBuildFile; fileRef = 43E773BB1F6A5C41005C0734 /* WangOCBridgingViewController.swift */; };
		5202A0BF4259FB1D9FCC790A /* Pods_WangSwift.framework in Frameworks */ = {isa = PBXBuildFile; fileRef = B9B072A85F347881AC2D15D5 /* Pods_WangSwift.framework */; };
/* End PBXBuildFile section */

/* Begin PBXFileReference section */
		43382E8F1F6F6CFA008BDEBC /* WangStack.swift */ = {isa = PBXFileReference; lastKnownFileType = sourcecode.swift; path = WangStack.swift; sourceTree = "<group>"; };
		43382E911F6F6DA6008BDEBC /* AlgorithmRun.swift */ = {isa = PBXFileReference; lastKnownFileType = sourcecode.swift; path = AlgorithmRun.swift; sourceTree = "<group>"; };
		43382E931F6F6F3B008BDEBC /* WangQueue.swift */ = {isa = PBXFileReference; lastKnownFileType = sourcecode.swift; path = WangQueue.swift; sourceTree = "<group>"; };
		43382E951F6F7471008BDEBC /* WangClosures.swift */ = {isa = PBXFileReference; lastKnownFileType = sourcecode.swift; path = WangClosures.swift; sourceTree = "<group>"; };
		4348BA8F1F6BA31300B22D4B /* WangSnapKitViewController.swift */ = {isa = PBXFileReference; lastKnownFileType = sourcecode.swift; path = WangSnapKitViewController.swift; sourceTree = "<group>"; };
		4348BA911F6BA7F000B22D4B /* WangKingfisherViewController.swift */ = {isa = PBXFileReference; lastKnownFileType = sourcecode.swift; path = WangKingfisherViewController.swift; sourceTree = "<group>"; };
		43D281B11F665BF700207847 /* WangSwift.app */ = {isa = PBXFileReference; explicitFileType = wrapper.application; includeInIndex = 0; path = WangSwift.app; sourceTree = BUILT_PRODUCTS_DIR; };
		43D281B41F665BF700207847 /* AppDelegate.swift */ = {isa = PBXFileReference; lastKnownFileType = sourcecode.swift; path = AppDelegate.swift; sourceTree = "<group>"; };
		43D281B61F665BF700207847 /* ViewController.swift */ = {isa = PBXFileReference; lastKnownFileType = sourcecode.swift; path = ViewController.swift; sourceTree = "<group>"; };
		43D281BB1F665BF700207847 /* Assets.xcassets */ = {isa = PBXFileReference; lastKnownFileType = folder.assetcatalog; path = Assets.xcassets; sourceTree = "<group>"; };
		43D281BE1F665BF700207847 /* Base */ = {isa = PBXFileReference; lastKnownFileType = file.storyboard; name = Base; path = Base.lproj/LaunchScreen.storyboard; sourceTree = "<group>"; };
		43D281C01F665BF700207847 /* Info.plist */ = {isa = PBXFileReference; lastKnownFileType = text.plist.xml; path = Info.plist; sourceTree = "<group>"; };
		43D281C71F665F6600207847 /* test.png */ = {isa = PBXFileReference; lastKnownFileType = image.png; path = test.png; sourceTree = "<group>"; };
		43D281C91F66701700207847 /* WangUIViewController.swift */ = {isa = PBXFileReference; lastKnownFileType = sourcecode.swift; path = WangUIViewController.swift; sourceTree = "<group>"; };
		43D281CB1F66820B00207847 /* WangNetViewController.swift */ = {isa = PBXFileReference; lastKnownFileType = sourcecode.swift; path = WangNetViewController.swift; sourceTree = "<group>"; };
		43D281CF1F67715700207847 /* Podfile */ = {isa = PBXFileReference; fileEncoding = 4; lastKnownFileType = text; path = Podfile; sourceTree = SOURCE_ROOT; xcLanguageSpecificationIdentifier = xcode.lang.ruby; };
		43D281D11F67729700207847 /* WangAlamofireAndSwiftyJSONViewController.swift */ = {isa = PBXFileReference; lastKnownFileType = sourcecode.swift; path = WangAlamofireAndSwiftyJSONViewController.swift; sourceTree = "<group>"; };
		43D281DB1F68C17900207847 /* WangAutolayoutViewController.swift */ = {isa = PBXFileReference; lastKnownFileType = sourcecode.swift; path = WangAutolayoutViewController.swift; sourceTree = "<group>"; };
		43E773B71F6A5BB7005C0734 /* WangSwift-Bridging-Header.h */ = {isa = PBXFileReference; lastKnownFileType = sourcecode.c.h; path = "WangSwift-Bridging-Header.h"; sourceTree = "<group>"; };
		43E773B81F6A5BB8005C0734 /* Test.h */ = {isa = PBXFileReference; lastKnownFileType = sourcecode.c.h; path = Test.h; sourceTree = "<group>"; };
		43E773B91F6A5BB8005C0734 /* Test.m */ = {isa = PBXFileReference; lastKnownFileType = sourcecode.c.objc; path = Test.m; sourceTree = "<group>"; };
		43E773BB1F6A5C41005C0734 /* WangOCBridgingViewController.swift */ = {isa = PBXFileReference; lastKnownFileType = sourcecode.swift; path = WangOCBridgingViewController.swift; sourceTree = "<group>"; };
		776B43EC864743423E65CB44 /* Pods-WangSwift.debug.xcconfig */ = {isa = PBXFileReference; includeInIndex = 1; lastKnownFileType = text.xcconfig; name = "Pods-WangSwift.debug.xcconfig"; path = "Pods/Target Support Files/Pods-WangSwift/Pods-WangSwift.debug.xcconfig"; sourceTree = "<group>"; };
		7B88C682E4EA4FF4A2FF7CEC /* Pods-WangSwift.release.xcconfig */ = {isa = PBXFileReference; includeInIndex = 1; lastKnownFileType = text.xcconfig; name = "Pods-WangSwift.release.xcconfig"; path = "Pods/Target Support Files/Pods-WangSwift/Pods-WangSwift.release.xcconfig"; sourceTree = "<group>"; };
		B9B072A85F347881AC2D15D5 /* Pods_WangSwift.framework */ = {isa = PBXFileReference; explicitFileType = wrapper.framework; includeInIndex = 0; path = Pods_WangSwift.framework; sourceTree = BUILT_PRODUCTS_DIR; };
/* End PBXFileReference section */

/* Begin PBXFrameworksBuildPhase section */
		43D281AE1F665BF700207847 /* Frameworks */ = {
			isa = PBXFrameworksBuildPhase;
			buildActionMask = 2147483647;
			files = (
				5202A0BF4259FB1D9FCC790A /* Pods_WangSwift.framework in Frameworks */,
			);
			runOnlyForDeploymentPostprocessing = 0;
		};
/* End PBXFrameworksBuildPhase section */

/* Begin PBXGroup section */
		390AD84CA211A28B53FEDFFC /* Pods */ = {
			isa = PBXGroup;
			children = (
				776B43EC864743423E65CB44 /* Pods-WangSwift.debug.xcconfig */,
				7B88C682E4EA4FF4A2FF7CEC /* Pods-WangSwift.release.xcconfig */,
			);
			name = Pods;
			sourceTree = "<group>";
		};
		43382E8D1F6F6C90008BDEBC /* Algorithm */ = {
			isa = PBXGroup;
			children = (
				43382E931F6F6F3B008BDEBC /* WangQueue.swift */,
				43382E8F1F6F6CFA008BDEBC /* WangStack.swift */,
				43382E911F6F6DA6008BDEBC /* AlgorithmRun.swift */,
			);
			path = Algorithm;
			sourceTree = "<group>";
		};
		43382E8E1F6F6CA6008BDEBC /* Syntax */ = {
			isa = PBXGroup;
			children = (
				43382E951F6F7471008BDEBC /* WangClosures.swift */,
			);
			path = Syntax;
			sourceTree = "<group>";
		};
		43D281A81F665BF700207847 = {
			isa = PBXGroup;
			children = (
				43E773B71F6A5BB7005C0734 /* WangSwift-Bridging-Header.h */,
				43E773B81F6A5BB8005C0734 /* Test.h */,
				43E773B91F6A5BB8005C0734 /* Test.m */,
				43D281B31F665BF700207847 /* WangSwift */,
				43D281B21F665BF700207847 /* Products */,
				390AD84CA211A28B53FEDFFC /* Pods */,
				EB8210597F86A1992103CBFF /* Frameworks */,
			);
			sourceTree = "<group>";
		};
		43D281B21F665BF700207847 /* Products */ = {
			isa = PBXGroup;
			children = (
				43D281B11F665BF700207847 /* WangSwift.app */,
			);
			name = Products;
			sourceTree = "<group>";
		};
		43D281B31F665BF700207847 /* WangSwift */ = {
			isa = PBXGroup;
			children = (
				43D281CF1F67715700207847 /* Podfile */,
				43D281C01F665BF700207847 /* Info.plist */,
				43382E8E1F6F6CA6008BDEBC /* Syntax */,
				43382E8D1F6F6C90008BDEBC /* Algorithm */,
				43D281CE1F66822200207847 /* Code */,
				43D281CD1F66821300207847 /* Resources */,
			);
			path = WangSwift;
			sourceTree = "<group>";
		};
		43D281CD1F66821300207847 /* Resources */ = {
			isa = PBXGroup;
			children = (
				43D281C71F665F6600207847 /* test.png */,
				43D281BB1F665BF700207847 /* Assets.xcassets */,
				43D281BD1F665BF700207847 /* LaunchScreen.storyboard */,
			);
			path = Resources;
			sourceTree = "<group>";
		};
		43D281CE1F66822200207847 /* Code */ = {
			isa = PBXGroup;
			children = (
				43D281B41F665BF700207847 /* AppDelegate.swift */,
				43D281B61F665BF700207847 /* ViewController.swift */,
				43D281C91F66701700207847 /* WangUIViewController.swift */,
				43D281CB1F66820B00207847 /* WangNetViewController.swift */,
				43D281D11F67729700207847 /* WangAlamofireAndSwiftyJSONViewController.swift */,
				43D281DB1F68C17900207847 /* WangAutolayoutViewController.swift */,
				43E773BB1F6A5C41005C0734 /* WangOCBridgingViewController.swift */,
				4348BA8F1F6BA31300B22D4B /* WangSnapKitViewController.swift */,
				4348BA911F6BA7F000B22D4B /* WangKingfisherViewController.swift */,
			);
			path = Code;
			sourceTree = "<group>";
		};
		EB8210597F86A1992103CBFF /* Frameworks */ = {
			isa = PBXGroup;
			children = (
				B9B072A85F347881AC2D15D5 /* Pods_WangSwift.framework */,
			);
			name = Frameworks;
			sourceTree = "<group>";
		};
/* End PBXGroup section */

/* Begin PBXNativeTarget section */
		43D281B01F665BF700207847 /* WangSwift */ = {
			isa = PBXNativeTarget;
			buildConfigurationList = 43D281C31F665BF700207847 /* Build configuration list for PBXNativeTarget "WangSwift" */;
			buildPhases = (
				D6F4146F5D323B5D925FA9A5 /* [CP] Check Pods Manifest.lock */,
				43D281AD1F665BF700207847 /* Sources */,
				43D281AE1F665BF700207847 /* Frameworks */,
				43D281AF1F665BF700207847 /* Resources */,
				B308CD5A33C606BAAE5E768E /* [CP] Embed Pods Frameworks */,
				6E79BF19C0CD1578A543AEF5 /* [CP] Copy Pods Resources */,
			);
			buildRules = (
			);
			dependencies = (
			);
			name = WangSwift;
			productName = WangSwift;
			productReference = 43D281B11F665BF700207847 /* WangSwift.app */;
			productType = "com.apple.product-type.application";
		};
/* End PBXNativeTarget section */

/* Begin PBXProject section */
		43D281A91F665BF700207847 /* Project object */ = {
			isa = PBXProject;
			attributes = {
				LastSwiftUpdateCheck = 0900;
				LastUpgradeCheck = 0900;
				ORGANIZATIONNAME = "王家伟";
				TargetAttributes = {
					43D281B01F665BF700207847 = {
						CreatedOnToolsVersion = 9.0;
						LastSwiftMigration = 0900;
						ProvisioningStyle = Automatic;
					};
				};
			};
			buildConfigurationList = 43D281AC1F665BF700207847 /* Build configuration list for PBXProject "WangSwift" */;
			compatibilityVersion = "Xcode 8.0";
			developmentRegion = en;
			hasScannedForEncodings = 0;
			knownRegions = (
				en,
				Base,
			);
			mainGroup = 43D281A81F665BF700207847;
			productRefGroup = 43D281B21F665BF700207847 /* Products */;
			projectDirPath = "";
			projectRoot = "";
			targets = (
				43D281B01F665BF700207847 /* WangSwift */,
			);
		};
/* End PBXProject section */

/* Begin PBXResourcesBuildPhase section */
		43D281AF1F665BF700207847 /* Resources */ = {
			isa = PBXResourcesBuildPhase;
			buildActionMask = 2147483647;
			files = (
				43D281BF1F665BF700207847 /* LaunchScreen.storyboard in Resources */,
				43D281BC1F665BF700207847 /* Assets.xcassets in Resources */,
				43D281D01F67715700207847 /* Podfile in Resources */,
				43D281C81F665F6600207847 /* test.png in Resources */,
			);
			runOnlyForDeploymentPostprocessing = 0;
		};
/* End PBXResourcesBuildPhase section */

/* Begin PBXShellScriptBuildPhase section */
		6E79BF19C0CD1578A543AEF5 /* [CP] Copy Pods Resources */ = {
			isa = PBXShellScriptBuildPhase;
			buildActionMask = 2147483647;
			files = (
			);
			inputPaths = (
			);
			name = "[CP] Copy Pods Resources";
			outputPaths = (
			);
			runOnlyForDeploymentPostprocessing = 0;
			shellPath = /bin/sh;
			shellScript = "\"${SRCROOT}/Pods/Target Support Files/Pods-WangSwift/Pods-WangSwift-resources.sh\"\n";
			showEnvVarsInLog = 0;
		};
		B308CD5A33C606BAAE5E768E /* [CP] Embed Pods Frameworks */ = {
			isa = PBXShellScriptBuildPhase;
			buildActionMask = 2147483647;
			files = (
			);
			inputPaths = (
				"${SRCROOT}/Pods/Target Support Files/Pods-WangSwift/Pods-WangSwift-frameworks.sh",
				"${BUILT_PRODUCTS_DIR}/Alamofire/Alamofire.framework",
				"${BUILT_PRODUCTS_DIR}/Kingfisher/Kingfisher.framework",
				"${BUILT_PRODUCTS_DIR}/SnapKit/SnapKit.framework",
				"${BUILT_PRODUCTS_DIR}/SwiftyJSON/SwiftyJSON.framework",
			);
			name = "[CP] Embed Pods Frameworks";
			outputPaths = (
				"${TARGET_BUILD_DIR}/${FRAMEWORKS_FOLDER_PATH}/Alamofire.framework",
				"${TARGET_BUILD_DIR}/${FRAMEWORKS_FOLDER_PATH}/Kingfisher.framework",
				"${TARGET_BUILD_DIR}/${FRAMEWORKS_FOLDER_PATH}/SnapKit.framework",
				"${TARGET_BUILD_DIR}/${FRAMEWORKS_FOLDER_PATH}/SwiftyJSON.framework",
			);
			runOnlyForDeploymentPostprocessing = 0;
			shellPath = /bin/sh;
			shellScript = "\"${SRCROOT}/Pods/Target Support Files/Pods-WangSwift/Pods-WangSwift-frameworks.sh\"\n";
			showEnvVarsInLog = 0;
		};
		D6F4146F5D323B5D925FA9A5 /* [CP] Check Pods Manifest.lock */ = {
			isa = PBXShellScriptBuildPhase;
			buildActionMask = 2147483647;
			files = (
			);
			inputPaths = (
				"${PODS_PODFILE_DIR_PATH}/Podfile.lock",
				"${PODS_ROOT}/Manifest.lock",
			);
			name = "[CP] Check Pods Manifest.lock";
			outputPaths = (
				"$(DERIVED_FILE_DIR)/Pods-WangSwift-checkManifestLockResult.txt",
			);
			runOnlyForDeploymentPostprocessing = 0;
			shellPath = /bin/sh;
			shellScript = "diff \"${PODS_PODFILE_DIR_PATH}/Podfile.lock\" \"${PODS_ROOT}/Manifest.lock\" > /dev/null\nif [ $? != 0 ] ; then\n    # print error to STDERR\n    echo \"error: The sandbox is not in sync with the Podfile.lock. Run 'pod install' or update your CocoaPods installation.\" >&2\n    exit 1\nfi\n# This output is used by Xcode 'outputs' to avoid re-running this script phase.\necho \"SUCCESS\" > \"${SCRIPT_OUTPUT_FILE_0}\"\n";
			showEnvVarsInLog = 0;
		};
/* End PBXShellScriptBuildPhase section */

/* Begin PBXSourcesBuildPhase section */
		43D281AD1F665BF700207847 /* Sources */ = {
			isa = PBXSourcesBuildPhase;
			buildActionMask = 2147483647;
			files = (
				43D281D21F67729700207847 /* WangAlamofireAndSwiftyJSONViewController.swift in Sources */,
				43382E921F6F6DA6008BDEBC /* AlgorithmRun.swift in Sources */,
				4348BA901F6BA31300B22D4B /* WangSnapKitViewController.swift in Sources */,
				43D281B71F665BF700207847 /* ViewController.swift in Sources */,
				43D281DC1F68C17900207847 /* WangAutolayoutViewController.swift in Sources */,
				43D281CC1F66820B00207847 /* WangNetViewController.swift in Sources */,
				43E773BA1F6A5BB8005C0734 /* Test.m in Sources */,
				43382E941F6F6F3B008BDEBC /* WangQueue.swift in Sources */,
				43E773BC1F6A5C41005C0734 /* WangOCBridgingViewController.swift in Sources */,
				43D281B51F665BF700207847 /* AppDelegate.swift in Sources */,
				43382E961F6F7471008BDEBC /* WangClosures.swift in Sources */,
				43D281CA1F66701700207847 /* WangUIViewController.swift in Sources */,
				43382E901F6F6CFA008BDEBC /* WangStack.swift in Sources */,
				4348BA921F6BA7F000B22D4B /* WangKingfisherViewController.swift in Sources */,
			);
			runOnlyForDeploymentPostprocessing = 0;
		};
/* End PBXSourcesBuildPhase section */

/* Begin PBXVariantGroup section */
		43D281BD1F665BF700207847 /* LaunchScreen.storyboard */ = {
			isa = PBXVariantGroup;
			children = (
				43D281BE1F665BF700207847 /* Base */,
			);
			name = LaunchScreen.storyboard;
			sourceTree = "<group>";
		};
/* End PBXVariantGroup section */

/* Begin XCBuildConfiguration section */
		43D281C11F665BF700207847 /* Debug */ = {
			isa = XCBuildConfiguration;
			buildSettings = {
				ALWAYS_SEARCH_USER_PATHS = NO;
				CLANG_ANALYZER_NONNULL = YES;
				CLANG_ANALYZER_NUMBER_OBJECT_CONVERSION = YES_AGGRESSIVE;
				CLANG_CXX_LANGUAGE_STANDARD = "gnu++14";
				CLANG_CXX_LIBRARY = "libc++";
				CLANG_ENABLE_MODULES = YES;
				CLANG_ENABLE_OBJC_ARC = YES;
				CLANG_WARN_BLOCK_CAPTURE_AUTORELEASING = YES;
				CLANG_WARN_BOOL_CONVERSION = YES;
				CLANG_WARN_COMMA = YES;
				CLANG_WARN_CONSTANT_CONVERSION = YES;
				CLANG_WARN_DIRECT_OBJC_ISA_USAGE = YES_ERROR;
				CLANG_WARN_DOCUMENTATION_COMMENTS = YES;
				CLANG_WARN_EMPTY_BODY = YES;
				CLANG_WARN_ENUM_CONVERSION = YES;
				CLANG_WARN_INFINITE_RECURSION = YES;
				CLANG_WARN_INT_CONVERSION = YES;
				CLANG_WARN_NON_LITERAL_NULL_CONVERSION = YES;
				CLANG_WARN_OBJC_LITERAL_CONVERSION = YES;
				CLANG_WARN_OBJC_ROOT_CLASS = YES_ERROR;
				CLANG_WARN_RANGE_LOOP_ANALYSIS = YES;
				CLANG_WARN_STRICT_PROTOTYPES = YES;
				CLANG_WARN_SUSPICIOUS_MOVE = YES;
				CLANG_WARN_UNGUARDED_AVAILABILITY = YES_AGGRESSIVE;
				CLANG_WARN_UNREACHABLE_CODE = YES;
				CLANG_WARN__DUPLICATE_METHOD_MATCH = YES;
				CODE_SIGN_IDENTITY = "iPhone Developer";
				COPY_PHASE_STRIP = NO;
				DEBUG_INFORMATION_FORMAT = dwarf;
				ENABLE_STRICT_OBJC_MSGSEND = YES;
				ENABLE_TESTABILITY = YES;
				GCC_C_LANGUAGE_STANDARD = gnu11;
				GCC_DYNAMIC_NO_PIC = NO;
				GCC_NO_COMMON_BLOCKS = YES;
				GCC_OPTIMIZATION_LEVEL = 0;
				GCC_PREPROCESSOR_DEFINITIONS = (
					"DEBUG=1",
					"$(inherited)",
				);
				GCC_WARN_64_TO_32_BIT_CONVERSION = YES;
				GCC_WARN_ABOUT_RETURN_TYPE = YES_ERROR;
				GCC_WARN_UNDECLARED_SELECTOR = YES;
				GCC_WARN_UNINITIALIZED_AUTOS = YES_AGGRESSIVE;
				GCC_WARN_UNUSED_FUNCTION = YES;
				GCC_WARN_UNUSED_VARIABLE = YES;
				IPHONEOS_DEPLOYMENT_TARGET = 11.0;
				MTL_ENABLE_DEBUG_INFO = YES;
				ONLY_ACTIVE_ARCH = YES;
				SDKROOT = iphoneos;
				SWIFT_ACTIVE_COMPILATION_CONDITIONS = DEBUG;
				SWIFT_OPTIMIZATION_LEVEL = "-Onone";
			};
			name = Debug;
		};
		43D281C21F665BF700207847 /* Release */ = {
			isa = XCBuildConfiguration;
			buildSettings = {
				ALWAYS_SEARCH_USER_PATHS = NO;
				CLANG_ANALYZER_NONNULL = YES;
				CLANG_ANALYZER_NUMBER_OBJECT_CONVERSION = YES_AGGRESSIVE;
				CLANG_CXX_LANGUAGE_STANDARD = "gnu++14";
				CLANG_CXX_LIBRARY = "libc++";
				CLANG_ENABLE_MODULES = YES;
				CLANG_ENABLE_OBJC_ARC = YES;
				CLANG_WARN_BLOCK_CAPTURE_AUTORELEASING = YES;
				CLANG_WARN_BOOL_CONVERSION = YES;
				CLANG_WARN_COMMA = YES;
				CLANG_WARN_CONSTANT_CONVERSION = YES;
				CLANG_WARN_DIRECT_OBJC_ISA_USAGE = YES_ERROR;
				CLANG_WARN_DOCUMENTATION_COMMENTS = YES;
				CLANG_WARN_EMPTY_BODY = YES;
				CLANG_WARN_ENUM_CONVERSION = YES;
				CLANG_WARN_INFINITE_RECURSION = YES;
				CLANG_WARN_INT_CONVERSION = YES;
				CLANG_WARN_NON_LITERAL_NULL_CONVERSION = YES;
				CLANG_WARN_OBJC_LITERAL_CONVERSION = YES;
				CLANG_WARN_OBJC_ROOT_CLASS = YES_ERROR;
				CLANG_WARN_RANGE_LOOP_ANALYSIS = YES;
				CLANG_WARN_STRICT_PROTOTYPES = YES;
				CLANG_WARN_SUSPICIOUS_MOVE = YES;
				CLANG_WARN_UNGUARDED_AVAILABILITY = YES_AGGRESSIVE;
				CLANG_WARN_UNREACHABLE_CODE = YES;
				CLANG_WARN__DUPLICATE_METHOD_MATCH = YES;
				CODE_SIGN_IDENTITY = "iPhone Developer";
				COPY_PHASE_STRIP = NO;
				DEBUG_INFORMATION_FORMAT = "dwarf-with-dsym";
				ENABLE_NS_ASSERTIONS = NO;
				ENABLE_STRICT_OBJC_MSGSEND = YES;
				GCC_C_LANGUAGE_STANDARD = gnu11;
				GCC_NO_COMMON_BLOCKS = YES;
				GCC_WARN_64_TO_32_BIT_CONVERSION = YES;
				GCC_WARN_ABOUT_RETURN_TYPE = YES_ERROR;
				GCC_WARN_UNDECLARED_SELECTOR = YES;
				GCC_WARN_UNINITIALIZED_AUTOS = YES_AGGRESSIVE;
				GCC_WARN_UNUSED_FUNCTION = YES;
				GCC_WARN_UNUSED_VARIABLE = YES;
				IPHONEOS_DEPLOYMENT_TARGET = 11.0;
				MTL_ENABLE_DEBUG_INFO = NO;
				SDKROOT = iphoneos;
				SWIFT_OPTIMIZATION_LEVEL = "-Owholemodule";
				VALIDATE_PRODUCT = YES;
			};
			name = Release;
		};
		43D281C41F665BF700207847 /* Debug */ = {
			isa = XCBuildConfiguration;
			baseConfigurationReference = 776B43EC864743423E65CB44 /* Pods-WangSwift.debug.xcconfig */;
			buildSettings = {
				ASSETCATALOG_COMPILER_APPICON_NAME = AppIcon;
				CLANG_ENABLE_MODULES = YES;
				CODE_SIGN_STYLE = Automatic;
				DEVELOPMENT_TEAM = 436JJA3UCK;
				INFOPLIST_FILE = WangSwift/Info.plist;
				LD_RUNPATH_SEARCH_PATHS = "$(inherited) @executable_path/Frameworks";
				PRODUCT_BUNDLE_IDENTIFIER = com.hkrt.WangSwift;
				PRODUCT_NAME = "$(TARGET_NAME)";
				SWIFT_OBJC_BRIDGING_HEADER = "WangSwift-Bridging-Header.h";
				SWIFT_OPTIMIZATION_LEVEL = "-Onone";
				SWIFT_VERSION = 4.0;
				TARGETED_DEVICE_FAMILY = "1,2";
			};
			name = Debug;
		};
		43D281C51F665BF700207847 /* Release */ = {
			isa = XCBuildConfiguration;
			baseConfigurationReference = 7B88C682E4EA4FF4A2FF7CEC /* Pods-WangSwift.release.xcconfig */;
			buildSettings = {
				ASSETCATALOG_COMPILER_APPICON_NAME = AppIcon;
				CLANG_ENABLE_MODULES = YES;
				CODE_SIGN_STYLE = Automatic;
				DEVELOPMENT_TEAM = 436JJA3UCK;
				INFOPLIST_FILE = WangSwift/Info.plist;
				LD_RUNPATH_SEARCH_PATHS = "$(inherited) @executable_path/Frameworks";
				PRODUCT_BUNDLE_IDENTIFIER = com.hkrt.WangSwift;
				PRODUCT_NAME = "$(TARGET_NAME)";
				SWIFT_OBJC_BRIDGING_HEADER = "WangSwift-Bridging-Header.h";
				SWIFT_VERSION = 4.0;
				TARGETED_DEVICE_FAMILY = "1,2";
			};
			name = Release;
		};
/* End XCBuildConfiguration section */

/* Begin XCConfigurationList section */
		43D281AC1F665BF700207847 /* Build configuration list for PBXProject "WangSwift" */ = {
			isa = XCConfigurationList;
			buildConfigurations = (
				43D281C11F665BF700207847 /* Debug */,
				43D281C21F665BF700207847 /* Release */,
			);
			defaultConfigurationIsVisible = 0;
			defaultConfigurationName = Release;
		};
		43D281C31F665BF700207847 /* Build configuration list for PBXNativeTarget "WangSwift" */ = {
			isa = XCConfigurationList;
			buildConfigurations = (
				43D281C41F665BF700207847 /* Debug */,
				43D281C51F665BF700207847 /* Release */,
			);
			defaultConfigurationIsVisible = 0;
			defaultConfigurationName = Release;
		};
/* End XCConfigurationList section */
	};
	rootObject = 43D281A91F665BF700207847 /* Project object */;
}
