// !$*UTF8*$!
{
	archiveVersion = 1;
	classes = {
	};
	objectVersion = 48;
	objects = {

/* Begin PBXBuildFile section */
		43382E901F6F6CFA008BDEBC /* WangStack.swift in Sources */ = {isa = PBXBuildFile; fileRef = 43382E8F1F6F6CFA008BDEBC /* WangStack.swift */; };
		43382E921F6F6DA6008BDEBC /* AlgorithmRun.swift in Sources */ = {isa = PBXBuildFile; fileRef = 43382E911F6F6DA6008BDEBC /* AlgorithmRun.swift */; };
		43382E941F6F6F3B008BDEBC /* WangQueue.swift in Sources */ = {isa = PBXBuildFile; fileRef = 43382E931F6F6F3B008BDEBC /* WangQueue.swift */; };
		43382E961F6F7471008BDEBC /* WangClosures.swift in Sources */ = {isa = PBXBuildFile; fileRef = 43382E951F6F7471008BDEBC /* WangClosures.swift */; };
		434447BA1F74E5360085AC32 /* WangSwiftTests.swift in Sources */ = {isa = PBXBuildFile; fileRef = 434447B91F74E5360085AC32 /* WangSwiftTests.swift */; };
		434567581F8F5EA6003F74EF /* WangBannerViewController.swift in Sources */ = {isa = PBXBuildFile; fileRef = 434567571F8F5EA6003F74EF /* WangBannerViewController.swift */; };
		4345675D1F8F630B003F74EF /* Const.swift in Sources */ = {isa = PBXBuildFile; fileRef = 4345675C1F8F630B003F74EF /* Const.swift */; };
		434567711F90A67C003F74EF /* TurntableView.m in Sources */ = {isa = PBXBuildFile; fileRef = 434567701F90A67C003F74EF /* TurntableView.m */; };
		434567731F90AA15003F74EF /* WangTurntableViewController.swift in Sources */ = {isa = PBXBuildFile; fileRef = 434567721F90AA15003F74EF /* WangTurntableViewController.swift */; };
		4348BA901F6BA31300B22D4B /* WangSnapKitViewController.swift in Sources */ = {isa = PBXBuildFile; fileRef = 4348BA8F1F6BA31300B22D4B /* WangSnapKitViewController.swift */; };
		4348BA921F6BA7F000B22D4B /* WangKingfisherViewController.swift in Sources */ = {isa = PBXBuildFile; fileRef = 4348BA911F6BA7F000B22D4B /* WangKingfisherViewController.swift */; };
		4376A2001F7CF67500F2AF42 /* MJRefreshNormalHeader.m in Sources */ = {isa = PBXBuildFile; fileRef = 43B5B3871F7CF2B5008DE475 /* MJRefreshNormalHeader.m */; };
		4376A2011F7CF6C800F2AF42 /* MJRefreshAutoFooter.m in Sources */ = {isa = PBXBuildFile; fileRef = 43B5B36A1F7CF2B5008DE475 /* MJRefreshAutoFooter.m */; };
		4376A2021F7CF6C800F2AF42 /* MJRefreshBackFooter.m in Sources */ = {isa = PBXBuildFile; fileRef = 43B5B36C1F7CF2B5008DE475 /* MJRefreshBackFooter.m */; };
		4376A2031F7CF6C800F2AF42 /* MJRefreshComponent.m in Sources */ = {isa = PBXBuildFile; fileRef = 43B5B36E1F7CF2B5008DE475 /* MJRefreshComponent.m */; };
		4376A2041F7CF6C800F2AF42 /* MJRefreshFooter.m in Sources */ = {isa = PBXBuildFile; fileRef = 43B5B3701F7CF2B5008DE475 /* MJRefreshFooter.m */; };
		4376A2051F7CF6C800F2AF42 /* MJRefreshHeader.m in Sources */ = {isa = PBXBuildFile; fileRef = 43B5B3721F7CF2B5008DE475 /* MJRefreshHeader.m */; };
		4376A2061F7CF6C800F2AF42 /* MJRefreshAutoGifFooter.m in Sources */ = {isa = PBXBuildFile; fileRef = 43B5B3771F7CF2B5008DE475 /* MJRefreshAutoGifFooter.m */; };
		4376A2071F7CF6C800F2AF42 /* MJRefreshAutoNormalFooter.m in Sources */ = {isa = PBXBuildFile; fileRef = 43B5B3791F7CF2B5008DE475 /* MJRefreshAutoNormalFooter.m */; };
		4376A2081F7CF6C800F2AF42 /* MJRefreshAutoStateFooter.m in Sources */ = {isa = PBXBuildFile; fileRef = 43B5B37B1F7CF2B5008DE475 /* MJRefreshAutoStateFooter.m */; };
		4376A2091F7CF6C800F2AF42 /* MJRefreshBackGifFooter.m in Sources */ = {isa = PBXBuildFile; fileRef = 43B5B37E1F7CF2B5008DE475 /* MJRefreshBackGifFooter.m */; };
		4376A20A1F7CF6C800F2AF42 /* MJRefreshBackNormalFooter.m in Sources */ = {isa = PBXBuildFile; fileRef = 43B5B3801F7CF2B5008DE475 /* MJRefreshBackNormalFooter.m */; };
		4376A20B1F7CF6C800F2AF42 /* MJRefreshBackStateFooter.m in Sources */ = {isa = PBXBuildFile; fileRef = 43B5B3821F7CF2B5008DE475 /* MJRefreshBackStateFooter.m */; };
		4376A20C1F7CF6C800F2AF42 /* MJRefreshGifHeader.m in Sources */ = {isa = PBXBuildFile; fileRef = 43B5B3851F7CF2B5008DE475 /* MJRefreshGifHeader.m */; };
		4376A20D1F7CF6C800F2AF42 /* MJRefreshStateHeader.m in Sources */ = {isa = PBXBuildFile; fileRef = 43B5B3891F7CF2B5008DE475 /* MJRefreshStateHeader.m */; };
		4376A20E1F7CF6C800F2AF42 /* MJRefreshConst.m in Sources */ = {isa = PBXBuildFile; fileRef = 43B5B38D1F7CF2B5008DE475 /* MJRefreshConst.m */; };
		4376A20F1F7CF6C800F2AF42 /* NSBundle+MJRefresh.m in Sources */ = {isa = PBXBuildFile; fileRef = 43B5B38F1F7CF2B5008DE475 /* NSBundle+MJRefresh.m */; };
		4376A2101F7CF6C800F2AF42 /* UIScrollView+MJExtension.m in Sources */ = {isa = PBXBuildFile; fileRef = 43B5B3911F7CF2B5008DE475 /* UIScrollView+MJExtension.m */; };
		4376A2111F7CF6C800F2AF42 /* UIScrollView+MJRefresh.m in Sources */ = {isa = PBXBuildFile; fileRef = 43B5B3931F7CF2B5008DE475 /* UIScrollView+MJRefresh.m */; };
		4376A2121F7CF6C800F2AF42 /* UIView+MJExtension.m in Sources */ = {isa = PBXBuildFile; fileRef = 43B5B3951F7CF2B5008DE475 /* UIView+MJExtension.m */; };
		4376A2271F7CF96E00F2AF42 /* MJRefresh.bundle in Resources */ = {isa = PBXBuildFile; fileRef = 4376A2261F7CF96E00F2AF42 /* MJRefresh.bundle */; };
		43B5B2BE1F78DF69008DE475 /* WangGCDViewController.swift in Sources */ = {isa = PBXBuildFile; fileRef = 43B5B2BD1F78DF69008DE475 /* WangGCDViewController.swift */; };
		43B5B2C01F78FF11008DE475 /* WangCATransform3DViewController.swift in Sources */ = {isa = PBXBuildFile; fileRef = 43B5B2BF1F78FF11008DE475 /* WangCATransform3DViewController.swift */; };
		43B5B2C21F7C8D83008DE475 /* WangCustomTableViewCell.swift in Sources */ = {isa = PBXBuildFile; fileRef = 43B5B2C11F7C8D83008DE475 /* WangCustomTableViewCell.swift */; };
		43B5B3651F7CE40D008DE475 /* WangInstance.swift in Sources */ = {isa = PBXBuildFile; fileRef = 43B5B3641F7CE40D008DE475 /* WangInstance.swift */; };
		43D281B51F665BF700207847 /* AppDelegate.swift in Sources */ = {isa = PBXBuildFile; fileRef = 43D281B41F665BF700207847 /* AppDelegate.swift */; };
		43D281B71F665BF700207847 /* ViewController.swift in Sources */ = {isa = PBXBuildFile; fileRef = 43D281B61F665BF700207847 /* ViewController.swift */; };
		43D281BC1F665BF700207847 /* Assets.xcassets in Resources */ = {isa = PBXBuildFile; fileRef = 43D281BB1F665BF700207847 /* Assets.xcassets */; };
		43D281BF1F665BF700207847 /* LaunchScreen.storyboard in Resources */ = {isa = PBXBuildFile; fileRef = 43D281BD1F665BF700207847 /* LaunchScreen.storyboard */; };
		43D281C81F665F6600207847 /* test.png in Resources */ = {isa = PBXBuildFile; fileRef = 43D281C71F665F6600207847 /* test.png */; };
		43D281CA1F66701700207847 /* WangUIViewController.swift in Sources */ = {isa = PBXBuildFile; fileRef = 43D281C91F66701700207847 /* WangUIViewController.swift */; };
		43D281CC1F66820B00207847 /* WangNetViewController.swift in Sources */ = {isa = PBXBuildFile; fileRef = 43D281CB1F66820B00207847 /* WangNetViewController.swift */; };
		43D281D01F67715700207847 /* Podfile in Resources */ = {isa = PBXBuildFile; fileRef = 43D281CF1F67715700207847 /* Podfile */; };
		43D281D21F67729700207847 /* WangAlamofireAndSwiftyJSONViewController.swift in Sources */ = {isa = PBXBuildFile; fileRef = 43D281D11F67729700207847 /* WangAlamofireAndSwiftyJSONViewController.swift */; };
		43D281DC1F68C17900207847 /* WangAutolayoutViewController.swift in Sources */ = {isa = PBXBuildFile; fileRef = 43D281DB1F68C17900207847 /* WangAutolayoutViewController.swift */; };
		43E773BA1F6A5BB8005C0734 /* Test.m in Sources */ = {isa = PBXBuildFile; fileRef = 43E773B91F6A5BB8005C0734 /* Test.m */; };
		43E773BC1F6A5C41005C0734 /* WangOCBridgingViewController.swift in Sources */ = {isa = PBXBuildFile; fileRef = 43E773BB1F6A5C41005C0734 /* WangOCBridgingViewController.swift */; };
		5202A0BF4259FB1D9FCC790A /* Pods_WangSwift.framework in Frameworks */ = {isa = PBXBuildFile; fileRef = B9B072A85F347881AC2D15D5 /* Pods_WangSwift.framework */; };
/* End PBXBuildFile section */

/* Begin PBXContainerItemProxy section */
		434447BC1F74E5360085AC32 /* PBXContainerItemProxy */ = {
			isa = PBXContainerItemProxy;
			containerPortal = 43D281A91F665BF700207847 /* Project object */;
			proxyType = 1;
			remoteGlobalIDString = 43D281B01F665BF700207847;
			remoteInfo = WangSwift;
		};
/* End PBXContainerItemProxy section */

/* Begin PBXFileReference section */
		43382E8F1F6F6CFA008BDEBC /* WangStack.swift */ = {isa = PBXFileReference; lastKnownFileType = sourcecode.swift; path = WangStack.swift; sourceTree = "<group>"; };
		43382E911F6F6DA6008BDEBC /* AlgorithmRun.swift */ = {isa = PBXFileReference; lastKnownFileType = sourcecode.swift; path = AlgorithmRun.swift; sourceTree = "<group>"; };
		43382E931F6F6F3B008BDEBC /* WangQueue.swift */ = {isa = PBXFileReference; lastKnownFileType = sourcecode.swift; path = WangQueue.swift; sourceTree = "<group>"; };
		43382E951F6F7471008BDEBC /* WangClosures.swift */ = {isa = PBXFileReference; lastKnownFileType = sourcecode.swift; path = WangClosures.swift; sourceTree = "<group>"; };
		434447B71F74E5360085AC32 /* WangSwiftTests.xctest */ = {isa = PBXFileReference; explicitFileType = wrapper.cfbundle; includeInIndex = 0; path = WangSwiftTests.xctest; sourceTree = BUILT_PRODUCTS_DIR; };
		434447B91F74E5360085AC32 /* WangSwiftTests.swift */ = {isa = PBXFileReference; lastKnownFileType = sourcecode.swift; path = WangSwiftTests.swift; sourceTree = "<group>"; };
		434447BB1F74E5360085AC32 /* Info.plist */ = {isa = PBXFileReference; lastKnownFileType = text.plist.xml; path = Info.plist; sourceTree = "<group>"; };
		434567571F8F5EA6003F74EF /* WangBannerViewController.swift */ = {isa = PBXFileReference; lastKnownFileType = sourcecode.swift; path = WangBannerViewController.swift; sourceTree = "<group>"; };
		4345675C1F8F630B003F74EF /* Const.swift */ = {isa = PBXFileReference; lastKnownFileType = sourcecode.swift; path = Const.swift; sourceTree = "<group>"; };
		4345676F1F90A67C003F74EF /* TurntableView.h */ = {isa = PBXFileReference; lastKnownFileType = sourcecode.c.h; path = TurntableView.h; sourceTree = "<group>"; };
		434567701F90A67C003F74EF /* TurntableView.m */ = {isa = PBXFileReference; lastKnownFileType = sourcecode.c.objc; path = TurntableView.m; sourceTree = "<group>"; };
		434567721F90AA15003F74EF /* WangTurntableViewController.swift */ = {isa = PBXFileReference; lastKnownFileType = sourcecode.swift; path = WangTurntableViewController.swift; sourceTree = "<group>"; };
		4348BA8F1F6BA31300B22D4B /* WangSnapKitViewController.swift */ = {isa = PBXFileReference; lastKnownFileType = sourcecode.swift; path = WangSnapKitViewController.swift; sourceTree = "<group>"; };
		4348BA911F6BA7F000B22D4B /* WangKingfisherViewController.swift */ = {isa = PBXFileReference; lastKnownFileType = sourcecode.swift; path = WangKingfisherViewController.swift; sourceTree = "<group>"; };
		4376A2261F7CF96E00F2AF42 /* MJRefresh.bundle */ = {isa = PBXFileReference; lastKnownFileType = "wrapper.plug-in"; path = MJRefresh.bundle; sourceTree = "<group>"; };
		43B5B2BD1F78DF69008DE475 /* WangGCDViewController.swift */ = {isa = PBXFileReference; lastKnownFileType = sourcecode.swift; path = WangGCDViewController.swift; sourceTree = "<group>"; };
		43B5B2BF1F78FF11008DE475 /* WangCATransform3DViewController.swift */ = {isa = PBXFileReference; lastKnownFileType = sourcecode.swift; path = WangCATransform3DViewController.swift; sourceTree = "<group>"; };
		43B5B2C11F7C8D83008DE475 /* WangCustomTableViewCell.swift */ = {isa = PBXFileReference; lastKnownFileType = sourcecode.swift; path = WangCustomTableViewCell.swift; sourceTree = "<group>"; };
		43B5B3641F7CE40D008DE475 /* WangInstance.swift */ = {isa = PBXFileReference; lastKnownFileType = sourcecode.swift; path = WangInstance.swift; sourceTree = "<group>"; };
		43B5B3691F7CF2B5008DE475 /* MJRefreshAutoFooter.h */ = {isa = PBXFileReference; lastKnownFileType = sourcecode.c.h; path = MJRefreshAutoFooter.h; sourceTree = "<group>"; };
		43B5B36A1F7CF2B5008DE475 /* MJRefreshAutoFooter.m */ = {isa = PBXFileReference; lastKnownFileType = sourcecode.c.objc; path = MJRefreshAutoFooter.m; sourceTree = "<group>"; };
		43B5B36B1F7CF2B5008DE475 /* MJRefreshBackFooter.h */ = {isa = PBXFileReference; lastKnownFileType = sourcecode.c.h; path = MJRefreshBackFooter.h; sourceTree = "<group>"; };
		43B5B36C1F7CF2B5008DE475 /* MJRefreshBackFooter.m */ = {isa = PBXFileReference; lastKnownFileType = sourcecode.c.objc; path = MJRefreshBackFooter.m; sourceTree = "<group>"; };
		43B5B36D1F7CF2B5008DE475 /* MJRefreshComponent.h */ = {isa = PBXFileReference; lastKnownFileType = sourcecode.c.h; path = MJRefreshComponent.h; sourceTree = "<group>"; };
		43B5B36E1F7CF2B5008DE475 /* MJRefreshComponent.m */ = {isa = PBXFileReference; lastKnownFileType = sourcecode.c.objc; path = MJRefreshComponent.m; sourceTree = "<group>"; };
		43B5B36F1F7CF2B5008DE475 /* MJRefreshFooter.h */ = {isa = PBXFileReference; lastKnownFileType = sourcecode.c.h; path = MJRefreshFooter.h; sourceTree = "<group>"; };
		43B5B3701F7CF2B5008DE475 /* MJRefreshFooter.m */ = {isa = PBXFileReference; lastKnownFileType = sourcecode.c.objc; path = MJRefreshFooter.m; sourceTree = "<group>"; };
		43B5B3711F7CF2B5008DE475 /* MJRefreshHeader.h */ = {isa = PBXFileReference; lastKnownFileType = sourcecode.c.h; path = MJRefreshHeader.h; sourceTree = "<group>"; };
		43B5B3721F7CF2B5008DE475 /* MJRefreshHeader.m */ = {isa = PBXFileReference; lastKnownFileType = sourcecode.c.objc; path = MJRefreshHeader.m; sourceTree = "<group>"; };
		43B5B3761F7CF2B5008DE475 /* MJRefreshAutoGifFooter.h */ = {isa = PBXFileReference; lastKnownFileType = sourcecode.c.h; path = MJRefreshAutoGifFooter.h; sourceTree = "<group>"; };
		43B5B3771F7CF2B5008DE475 /* MJRefreshAutoGifFooter.m */ = {isa = PBXFileReference; lastKnownFileType = sourcecode.c.objc; path = MJRefreshAutoGifFooter.m; sourceTree = "<group>"; };
		43B5B3781F7CF2B5008DE475 /* MJRefreshAutoNormalFooter.h */ = {isa = PBXFileReference; lastKnownFileType = sourcecode.c.h; path = MJRefreshAutoNormalFooter.h; sourceTree = "<group>"; };
		43B5B3791F7CF2B5008DE475 /* MJRefreshAutoNormalFooter.m */ = {isa = PBXFileReference; lastKnownFileType = sourcecode.c.objc; path = MJRefreshAutoNormalFooter.m; sourceTree = "<group>"; };
		43B5B37A1F7CF2B5008DE475 /* MJRefreshAutoStateFooter.h */ = {isa = PBXFileReference; lastKnownFileType = sourcecode.c.h; path = MJRefreshAutoStateFooter.h; sourceTree = "<group>"; };
		43B5B37B1F7CF2B5008DE475 /* MJRefreshAutoStateFooter.m */ = {isa = PBXFileReference; lastKnownFileType = sourcecode.c.objc; path = MJRefreshAutoStateFooter.m; sourceTree = "<group>"; };
		43B5B37D1F7CF2B5008DE475 /* MJRefreshBackGifFooter.h */ = {isa = PBXFileReference; lastKnownFileType = sourcecode.c.h; path = MJRefreshBackGifFooter.h; sourceTree = "<group>"; };
		43B5B37E1F7CF2B5008DE475 /* MJRefreshBackGifFooter.m */ = {isa = PBXFileReference; lastKnownFileType = sourcecode.c.objc; path = MJRefreshBackGifFooter.m; sourceTree = "<group>"; };
		43B5B37F1F7CF2B5008DE475 /* MJRefreshBackNormalFooter.h */ = {isa = PBXFileReference; lastKnownFileType = sourcecode.c.h; path = MJRefreshBackNormalFooter.h; sourceTree = "<group>"; };
		43B5B3801F7CF2B5008DE475 /* MJRefreshBackNormalFooter.m */ = {isa = PBXFileReference; lastKnownFileType = sourcecode.c.objc; path = MJRefreshBackNormalFooter.m; sourceTree = "<group>"; };
		43B5B3811F7CF2B5008DE475 /* MJRefreshBackStateFooter.h */ = {isa = PBXFileReference; lastKnownFileType = sourcecode.c.h; path = MJRefreshBackStateFooter.h; sourceTree = "<group>"; };
		43B5B3821F7CF2B5008DE475 /* MJRefreshBackStateFooter.m */ = {isa = PBXFileReference; lastKnownFileType = sourcecode.c.objc; path = MJRefreshBackStateFooter.m; sourceTree = "<group>"; };
		43B5B3841F7CF2B5008DE475 /* MJRefreshGifHeader.h */ = {isa = PBXFileReference; lastKnownFileType = sourcecode.c.h; path = MJRefreshGifHeader.h; sourceTree = "<group>"; };
		43B5B3851F7CF2B5008DE475 /* MJRefreshGifHeader.m */ = {isa = PBXFileReference; lastKnownFileType = sourcecode.c.objc; path = MJRefreshGifHeader.m; sourceTree = "<group>"; };
		43B5B3861F7CF2B5008DE475 /* MJRefreshNormalHeader.h */ = {isa = PBXFileReference; lastKnownFileType = sourcecode.c.h; path = MJRefreshNormalHeader.h; sourceTree = "<group>"; };
		43B5B3871F7CF2B5008DE475 /* MJRefreshNormalHeader.m */ = {isa = PBXFileReference; lastKnownFileType = sourcecode.c.objc; path = MJRefreshNormalHeader.m; sourceTree = "<group>"; };
		43B5B3881F7CF2B5008DE475 /* MJRefreshStateHeader.h */ = {isa = PBXFileReference; lastKnownFileType = sourcecode.c.h; path = MJRefreshStateHeader.h; sourceTree = "<group>"; };
		43B5B3891F7CF2B5008DE475 /* MJRefreshStateHeader.m */ = {isa = PBXFileReference; lastKnownFileType = sourcecode.c.objc; path = MJRefreshStateHeader.m; sourceTree = "<group>"; };
		43B5B38B1F7CF2B5008DE475 /* MJRefresh.h */ = {isa = PBXFileReference; lastKnownFileType = sourcecode.c.h; path = MJRefresh.h; sourceTree = "<group>"; };
		43B5B38C1F7CF2B5008DE475 /* MJRefreshConst.h */ = {isa = PBXFileReference; lastKnownFileType = sourcecode.c.h; path = MJRefreshConst.h; sourceTree = "<group>"; };
		43B5B38D1F7CF2B5008DE475 /* MJRefreshConst.m */ = {isa = PBXFileReference; lastKnownFileType = sourcecode.c.objc; path = MJRefreshConst.m; sourceTree = "<group>"; };
		43B5B38E1F7CF2B5008DE475 /* NSBundle+MJRefresh.h */ = {isa = PBXFileReference; lastKnownFileType = sourcecode.c.h; path = "NSBundle+MJRefresh.h"; sourceTree = "<group>"; };
		43B5B38F1F7CF2B5008DE475 /* NSBundle+MJRefresh.m */ = {isa = PBXFileReference; lastKnownFileType = sourcecode.c.objc; path = "NSBundle+MJRefresh.m"; sourceTree = "<group>"; };
		43B5B3901F7CF2B5008DE475 /* UIScrollView+MJExtension.h */ = {isa = PBXFileReference; lastKnownFileType = sourcecode.c.h; path = "UIScrollView+MJExtension.h"; sourceTree = "<group>"; };
		43B5B3911F7CF2B5008DE475 /* UIScrollView+MJExtension.m */ = {isa = PBXFileReference; lastKnownFileType = sourcecode.c.objc; path = "UIScrollView+MJExtension.m"; sourceTree = "<group>"; };
		43B5B3921F7CF2B5008DE475 /* UIScrollView+MJRefresh.h */ = {isa = PBXFileReference; lastKnownFileType = sourcecode.c.h; path = "UIScrollView+MJRefresh.h"; sourceTree = "<group>"; };
		43B5B3931F7CF2B5008DE475 /* UIScrollView+MJRefresh.m */ = {isa = PBXFileReference; lastKnownFileType = sourcecode.c.objc; path = "UIScrollView+MJRefresh.m"; sourceTree = "<group>"; };
		43B5B3941F7CF2B5008DE475 /* UIView+MJExtension.h */ = {isa = PBXFileReference; lastKnownFileType = sourcecode.c.h; path = "UIView+MJExtension.h"; sourceTree = "<group>"; };
		43B5B3951F7CF2B5008DE475 /* UIView+MJExtension.m */ = {isa = PBXFileReference; lastKnownFileType = sourcecode.c.objc; path = "UIView+MJExtension.m"; sourceTree = "<group>"; };
		43D281B11F665BF700207847 /* WangSwift.app */ = {isa = PBXFileReference; explicitFileType = wrapper.application; includeInIndex = 0; path = WangSwift.app; sourceTree = BUILT_PRODUCTS_DIR; };
		43D281B41F665BF700207847 /* AppDelegate.swift */ = {isa = PBXFileReference; lastKnownFileType = sourcecode.swift; path = AppDelegate.swift; sourceTree = "<group>"; };
		43D281B61F665BF700207847 /* ViewController.swift */ = {isa = PBXFileReference; lastKnownFileType = sourcecode.swift; path = ViewController.swift; sourceTree = "<group>"; };
		43D281BB1F665BF700207847 /* Assets.xcassets */ = {isa = PBXFileReference; lastKnownFileType = folder.assetcatalog; path = Assets.xcassets; sourceTree = "<group>"; };
		43D281BE1F665BF700207847 /* Base */ = {isa = PBXFileReference; lastKnownFileType = file.storyboard; name = Base; path = Base.lproj/LaunchScreen.storyboard; sourceTree = "<group>"; };
		43D281C01F665BF700207847 /* Info.plist */ = {isa = PBXFileReference; lastKnownFileType = text.plist.xml; path = Info.plist; sourceTree = "<group>"; };
		43D281C71F665F6600207847 /* test.png */ = {isa = PBXFileReference; lastKnownFileType = image.png; path = test.png; sourceTree = "<group>"; };
		43D281C91F66701700207847 /* WangUIViewController.swift */ = {isa = PBXFileReference; lastKnownFileType = sourcecode.swift; path = WangUIViewController.swift; sourceTree = "<group>"; };
		43D281CB1F66820B00207847 /* WangNetViewController.swift */ = {isa = PBXFileReference; lastKnownFileType = sourcecode.swift; path = WangNetViewController.swift; sourceTree = "<group>"; };
		43D281CF1F67715700207847 /* Podfile */ = {isa = PBXFileReference; fileEncoding = 4; lastKnownFileType = text; path = Podfile; sourceTree = SOURCE_ROOT; xcLanguageSpecificationIdentifier = xcode.lang.ruby; };
		43D281D11F67729700207847 /* WangAlamofireAndSwiftyJSONViewController.swift */ = {isa = PBXFileReference; lastKnownFileType = sourcecode.swift; path = WangAlamofireAndSwiftyJSONViewController.swift; sourceTree = "<group>"; };
		43D281DB1F68C17900207847 /* WangAutolayoutViewController.swift */ = {isa = PBXFileReference; lastKnownFileType = sourcecode.swift; path = WangAutolayoutViewController.swift; sourceTree = "<group>"; };
		43E773B71F6A5BB7005C0734 /* WangSwift-Bridging-Header.h */ = {isa = PBXFileReference; lastKnownFileType = sourcecode.c.h; path = "WangSwift-Bridging-Header.h"; sourceTree = "<group>"; };
		43E773B81F6A5BB8005C0734 /* Test.h */ = {isa = PBXFileReference; lastKnownFileType = sourcecode.c.h; path = Test.h; sourceTree = "<group>"; };
		43E773B91F6A5BB8005C0734 /* Test.m */ = {isa = PBXFileReference; lastKnownFileType = sourcecode.c.objc; path = Test.m; sourceTree = "<group>"; };
		43E773BB1F6A5C41005C0734 /* WangOCBridgingViewController.swift */ = {isa = PBXFileReference; lastKnownFileType = sourcecode.swift; path = WangOCBridgingViewController.swift; sourceTree = "<group>"; };
		776B43EC864743423E65CB44 /* Pods-WangSwift.debug.xcconfig */ = {isa = PBXFileReference; includeInIndex = 1; lastKnownFileType = text.xcconfig; name = "Pods-WangSwift.debug.xcconfig"; path = "Pods/Target Support Files/Pods-WangSwift/Pods-WangSwift.debug.xcconfig"; sourceTree = "<group>"; };
		7B88C682E4EA4FF4A2FF7CEC /* Pods-WangSwift.release.xcconfig */ = {isa = PBXFileReference; includeInIndex = 1; lastKnownFileType = text.xcconfig; name = "Pods-WangSwift.release.xcconfig"; path = "Pods/Target Support Files/Pods-WangSwift/Pods-WangSwift.release.xcconfig"; sourceTree = "<group>"; };
		B9B072A85F347881AC2D15D5 /* Pods_WangSwift.framework */ = {isa = PBXFileReference; explicitFileType = wrapper.framework; includeInIndex = 0; path = Pods_WangSwift.framework; sourceTree = BUILT_PRODUCTS_DIR; };
/* End PBXFileReference section */

/* Begin PBXFrameworksBuildPhase section */
		434447B41F74E5360085AC32 /* Frameworks */ = {
			isa = PBXFrameworksBuildPhase;
			buildActionMask = 2147483647;
			files = (
			);
			runOnlyForDeploymentPostprocessing = 0;
		};
		43D281AE1F665BF700207847 /* Frameworks */ = {
			isa = PBXFrameworksBuildPhase;
			buildActionMask = 2147483647;
			files = (
				5202A0BF4259FB1D9FCC790A /* Pods_WangSwift.framework in Frameworks */,
			);
			runOnlyForDeploymentPostprocessing = 0;
		};
/* End PBXFrameworksBuildPhase section */

/* Begin PBXGroup section */
		390AD84CA211A28B53FEDFFC /* Pods */ = {
			isa = PBXGroup;
			children = (
				776B43EC864743423E65CB44 /* Pods-WangSwift.debug.xcconfig */,
				7B88C682E4EA4FF4A2FF7CEC /* Pods-WangSwift.release.xcconfig */,
			);
			name = Pods;
			sourceTree = "<group>";
		};
		43382E8D1F6F6C90008BDEBC /* Algorithm */ = {
			isa = PBXGroup;
			children = (
				43382E931F6F6F3B008BDEBC /* WangQueue.swift */,
				43382E8F1F6F6CFA008BDEBC /* WangStack.swift */,
				43382E911F6F6DA6008BDEBC /* AlgorithmRun.swift */,
			);
			path = Algorithm;
			sourceTree = "<group>";
		};
		43382E8E1F6F6CA6008BDEBC /* Syntax */ = {
			isa = PBXGroup;
			children = (
				43382E951F6F7471008BDEBC /* WangClosures.swift */,
			);
			path = Syntax;
			sourceTree = "<group>";
		};
		434447B81F74E5360085AC32 /* WangSwiftTests */ = {
			isa = PBXGroup;
			children = (
				434447B91F74E5360085AC32 /* WangSwiftTests.swift */,
				434447BB1F74E5360085AC32 /* Info.plist */,
			);
			path = WangSwiftTests;
			sourceTree = "<group>";
		};
		4345676E1F90A579003F74EF /* Objective-C */ = {
			isa = PBXGroup;
			children = (
				43E773B81F6A5BB8005C0734 /* Test.h */,
				43E773B91F6A5BB8005C0734 /* Test.m */,
				4345676F1F90A67C003F74EF /* TurntableView.h */,
				434567701F90A67C003F74EF /* TurntableView.m */,
			);
			path = "Objective-C";
			sourceTree = "<group>";
		};
		43B5B3661F7CF2A2008DE475 /* 3RD */ = {
			isa = PBXGroup;
			children = (
				43B5B3671F7CF2B5008DE475 /* MJRefresh */,
			);
			path = 3RD;
			sourceTree = "<group>";
		};
		43B5B3671F7CF2B5008DE475 /* MJRefresh */ = {
			isa = PBXGroup;
			children = (
				4376A2261F7CF96E00F2AF42 /* MJRefresh.bundle */,
				43B5B3681F7CF2B5008DE475 /* Base */,
				43B5B3731F7CF2B5008DE475 /* Custom */,
				43B5B38B1F7CF2B5008DE475 /* MJRefresh.h */,
				43B5B38C1F7CF2B5008DE475 /* MJRefreshConst.h */,
				43B5B38D1F7CF2B5008DE475 /* MJRefreshConst.m */,
				43B5B38E1F7CF2B5008DE475 /* NSBundle+MJRefresh.h */,
				43B5B38F1F7CF2B5008DE475 /* NSBundle+MJRefresh.m */,
				43B5B3901F7CF2B5008DE475 /* UIScrollView+MJExtension.h */,
				43B5B3911F7CF2B5008DE475 /* UIScrollView+MJExtension.m */,
				43B5B3921F7CF2B5008DE475 /* UIScrollView+MJRefresh.h */,
				43B5B3931F7CF2B5008DE475 /* UIScrollView+MJRefresh.m */,
				43B5B3941F7CF2B5008DE475 /* UIView+MJExtension.h */,
				43B5B3951F7CF2B5008DE475 /* UIView+MJExtension.m */,
			);
			path = MJRefresh;
			sourceTree = "<group>";
		};
		43B5B3681F7CF2B5008DE475 /* Base */ = {
			isa = PBXGroup;
			children = (
				43B5B3691F7CF2B5008DE475 /* MJRefreshAutoFooter.h */,
				43B5B36A1F7CF2B5008DE475 /* MJRefreshAutoFooter.m */,
				43B5B36B1F7CF2B5008DE475 /* MJRefreshBackFooter.h */,
				43B5B36C1F7CF2B5008DE475 /* MJRefreshBackFooter.m */,
				43B5B36D1F7CF2B5008DE475 /* MJRefreshComponent.h */,
				43B5B36E1F7CF2B5008DE475 /* MJRefreshComponent.m */,
				43B5B36F1F7CF2B5008DE475 /* MJRefreshFooter.h */,
				43B5B3701F7CF2B5008DE475 /* MJRefreshFooter.m */,
				43B5B3711F7CF2B5008DE475 /* MJRefreshHeader.h */,
				43B5B3721F7CF2B5008DE475 /* MJRefreshHeader.m */,
			);
			path = Base;
			sourceTree = "<group>";
		};
		43B5B3731F7CF2B5008DE475 /* Custom */ = {
			isa = PBXGroup;
			children = (
				43B5B3741F7CF2B5008DE475 /* Footer */,
				43B5B3831F7CF2B5008DE475 /* Header */,
			);
			path = Custom;
			sourceTree = "<group>";
		};
		43B5B3741F7CF2B5008DE475 /* Footer */ = {
			isa = PBXGroup;
			children = (
				43B5B3751F7CF2B5008DE475 /* Auto */,
				43B5B37C1F7CF2B5008DE475 /* Back */,
			);
			path = Footer;
			sourceTree = "<group>";
		};
		43B5B3751F7CF2B5008DE475 /* Auto */ = {
			isa = PBXGroup;
			children = (
				43B5B3761F7CF2B5008DE475 /* MJRefreshAutoGifFooter.h */,
				43B5B3771F7CF2B5008DE475 /* MJRefreshAutoGifFooter.m */,
				43B5B3781F7CF2B5008DE475 /* MJRefreshAutoNormalFooter.h */,
				43B5B3791F7CF2B5008DE475 /* MJRefreshAutoNormalFooter.m */,
				43B5B37A1F7CF2B5008DE475 /* MJRefreshAutoStateFooter.h */,
				43B5B37B1F7CF2B5008DE475 /* MJRefreshAutoStateFooter.m */,
			);
			path = Auto;
			sourceTree = "<group>";
		};
		43B5B37C1F7CF2B5008DE475 /* Back */ = {
			isa = PBXGroup;
			children = (
				43B5B37D1F7CF2B5008DE475 /* MJRefreshBackGifFooter.h */,
				43B5B37E1F7CF2B5008DE475 /* MJRefreshBackGifFooter.m */,
				43B5B37F1F7CF2B5008DE475 /* MJRefreshBackNormalFooter.h */,
				43B5B3801F7CF2B5008DE475 /* MJRefreshBackNormalFooter.m */,
				43B5B3811F7CF2B5008DE475 /* MJRefreshBackStateFooter.h */,
				43B5B3821F7CF2B5008DE475 /* MJRefreshBackStateFooter.m */,
			);
			path = Back;
			sourceTree = "<group>";
		};
		43B5B3831F7CF2B5008DE475 /* Header */ = {
			isa = PBXGroup;
			children = (
				43B5B3841F7CF2B5008DE475 /* MJRefreshGifHeader.h */,
				43B5B3851F7CF2B5008DE475 /* MJRefreshGifHeader.m */,
				43B5B3861F7CF2B5008DE475 /* MJRefreshNormalHeader.h */,
				43B5B3871F7CF2B5008DE475 /* MJRefreshNormalHeader.m */,
				43B5B3881F7CF2B5008DE475 /* MJRefreshStateHeader.h */,
				43B5B3891F7CF2B5008DE475 /* MJRefreshStateHeader.m */,
			);
			path = Header;
			sourceTree = "<group>";
		};
		43D281A81F665BF700207847 = {
			isa = PBXGroup;
			children = (
				4345675C1F8F630B003F74EF /* Const.swift */,
				43E773B71F6A5BB7005C0734 /* WangSwift-Bridging-Header.h */,
				43D281B31F665BF700207847 /* WangSwift */,
				434447B81F74E5360085AC32 /* WangSwiftTests */,
				43D281B21F665BF700207847 /* Products */,
				390AD84CA211A28B53FEDFFC /* Pods */,
				EB8210597F86A1992103CBFF /* Frameworks */,
			);
			sourceTree = "<group>";
		};
		43D281B21F665BF700207847 /* Products */ = {
			isa = PBXGroup;
			children = (
				43D281B11F665BF700207847 /* WangSwift.app */,
				434447B71F74E5360085AC32 /* WangSwiftTests.xctest */,
			);
			name = Products;
			sourceTree = "<group>";
		};
		43D281B31F665BF700207847 /* WangSwift */ = {
			isa = PBXGroup;
			children = (
				4345676E1F90A579003F74EF /* Objective-C */,
				43D281CF1F67715700207847 /* Podfile */,
				43D281C01F665BF700207847 /* Info.plist */,
				43B5B3661F7CF2A2008DE475 /* 3RD */,
				43382E8E1F6F6CA6008BDEBC /* Syntax */,
				43382E8D1F6F6C90008BDEBC /* Algorithm */,
				43D281CE1F66822200207847 /* Code */,
				43D281CD1F66821300207847 /* Resources */,
			);
			path = WangSwift;
			sourceTree = "<group>";
		};
		43D281CD1F66821300207847 /* Resources */ = {
			isa = PBXGroup;
			children = (
				43D281C71F665F6600207847 /* test.png */,
				43D281BB1F665BF700207847 /* Assets.xcassets */,
				43D281BD1F665BF700207847 /* LaunchScreen.storyboard */,
			);
			path = Resources;
			sourceTree = "<group>";
		};
		43D281CE1F66822200207847 /* Code */ = {
			isa = PBXGroup;
			children = (
				43D281B41F665BF700207847 /* AppDelegate.swift */,
				43D281B61F665BF700207847 /* ViewController.swift */,
				43D281C91F66701700207847 /* WangUIViewController.swift */,
				43D281CB1F66820B00207847 /* WangNetViewController.swift */,
				43D281D11F67729700207847 /* WangAlamofireAndSwiftyJSONViewController.swift */,
				43D281DB1F68C17900207847 /* WangAutolayoutViewController.swift */,
				43E773BB1F6A5C41005C0734 /* WangOCBridgingViewController.swift */,
				4348BA8F1F6BA31300B22D4B /* WangSnapKitViewController.swift */,
				4348BA911F6BA7F000B22D4B /* WangKingfisherViewController.swift */,
				43B5B2BD1F78DF69008DE475 /* WangGCDViewController.swift */,
				43B5B2BF1F78FF11008DE475 /* WangCATransform3DViewController.swift */,
				43B5B2C11F7C8D83008DE475 /* WangCustomTableViewCell.swift */,
				43B5B3641F7CE40D008DE475 /* WangInstance.swift */,
				434567571F8F5EA6003F74EF /* WangBannerViewController.swift */,
				434567721F90AA15003F74EF /* WangTurntableViewController.swift */,
			);
			path = Code;
			sourceTree = "<group>";
		};
		EB8210597F86A1992103CBFF /* Frameworks */ = {
			isa = PBXGroup;
			children = (
				B9B072A85F347881AC2D15D5 /* Pods_WangSwift.framework */,
			);
			name = Frameworks;
			sourceTree = "<group>";
		};
/* End PBXGroup section */

/* Begin PBXNativeTarget section */
		434447B61F74E5360085AC32 /* WangSwiftTests */ = {
			isa = PBXNativeTarget;
			buildConfigurationList = 434447C01F74E5360085AC32 /* Build configuration list for PBXNativeTarget "WangSwiftTests" */;
			buildPhases = (
				434447B31F74E5360085AC32 /* Sources */,
				434447B41F74E5360085AC32 /* Frameworks */,
				434447B51F74E5360085AC32 /* Resources */,
			);
			buildRules = (
			);
			dependencies = (
				434447BD1F74E5360085AC32 /* PBXTargetDependency */,
			);
			name = WangSwiftTests;
			productName = WangSwiftTests;
			productReference = 434447B71F74E5360085AC32 /* WangSwiftTests.xctest */;
			productType = "com.apple.product-type.bundle.unit-test";
		};
		43D281B01F665BF700207847 /* WangSwift */ = {
			isa = PBXNativeTarget;
			buildConfigurationList = 43D281C31F665BF700207847 /* Build configuration list for PBXNativeTarget "WangSwift" */;
			buildPhases = (
				D6F4146F5D323B5D925FA9A5 /* [CP] Check Pods Manifest.lock */,
				43D281AD1F665BF700207847 /* Sources */,
				43D281AE1F665BF700207847 /* Frameworks */,
				43D281AF1F665BF700207847 /* Resources */,
				B308CD5A33C606BAAE5E768E /* [CP] Embed Pods Frameworks */,
				6E79BF19C0CD1578A543AEF5 /* [CP] Copy Pods Resources */,
			);
			buildRules = (
			);
			dependencies = (
			);
			name = WangSwift;
			productName = WangSwift;
			productReference = 43D281B11F665BF700207847 /* WangSwift.app */;
			productType = "com.apple.product-type.application";
		};
/* End PBXNativeTarget section */

/* Begin PBXProject section */
		43D281A91F665BF700207847 /* Project object */ = {
			isa = PBXProject;
			attributes = {
				LastSwiftUpdateCheck = 0900;
				LastUpgradeCheck = 0900;
				ORGANIZATIONNAME = "王家伟";
				TargetAttributes = {
					434447B61F74E5360085AC32 = {
						CreatedOnToolsVersion = 9.0;
						ProvisioningStyle = Automatic;
						TestTargetID = 43D281B01F665BF700207847;
					};
					43D281B01F665BF700207847 = {
						CreatedOnToolsVersion = 9.0;
						LastSwiftMigration = 0900;
						ProvisioningStyle = Automatic;
					};
				};
			};
			buildConfigurationList = 43D281AC1F665BF700207847 /* Build configuration list for PBXProject "WangSwift" */;
			compatibilityVersion = "Xcode 8.0";
			developmentRegion = en;
			hasScannedForEncodings = 0;
			knownRegions = (
				en,
				Base,
			);
			mainGroup = 43D281A81F665BF700207847;
			productRefGroup = 43D281B21F665BF700207847 /* Products */;
			projectDirPath = "";
			projectRoot = "";
			targets = (
				43D281B01F665BF700207847 /* WangSwift */,
				434447B61F74E5360085AC32 /* WangSwiftTests */,
			);
		};
/* End PBXProject section */

/* Begin PBXResourcesBuildPhase section */
		434447B51F74E5360085AC32 /* Resources */ = {
			isa = PBXResourcesBuildPhase;
			buildActionMask = 2147483647;
			files = (
			);
			runOnlyForDeploymentPostprocessing = 0;
		};
		43D281AF1F665BF700207847 /* Resources */ = {
			isa = PBXResourcesBuildPhase;
			buildActionMask = 2147483647;
			files = (
				43D281BF1F665BF700207847 /* LaunchScreen.storyboard in Resources */,
				43D281BC1F665BF700207847 /* Assets.xcassets in Resources */,
				43D281D01F67715700207847 /* Podfile in Resources */,
				4376A2271F7CF96E00F2AF42 /* MJRefresh.bundle in Resources */,
				43D281C81F665F6600207847 /* test.png in Resources */,
			);
			runOnlyForDeploymentPostprocessing = 0;
		};
/* End PBXResourcesBuildPhase section */

/* Begin PBXShellScriptBuildPhase section */
		6E79BF19C0CD1578A543AEF5 /* [CP] Copy Pods Resources */ = {
			isa = PBXShellScriptBuildPhase;
			buildActionMask = 2147483647;
			files = (
			);
			inputPaths = (
			);
			name = "[CP] Copy Pods Resources";
			outputPaths = (
			);
			runOnlyForDeploymentPostprocessing = 0;
			shellPath = /bin/sh;
			shellScript = "\"${SRCROOT}/Pods/Target Support Files/Pods-WangSwift/Pods-WangSwift-resources.sh\"\n";
			showEnvVarsInLog = 0;
		};
		B308CD5A33C606BAAE5E768E /* [CP] Embed Pods Frameworks */ = {
			isa = PBXShellScriptBuildPhase;
			buildActionMask = 2147483647;
			files = (
			);
			inputPaths = (
				"${SRCROOT}/Pods/Target Support Files/Pods-WangSwift/Pods-WangSwift-frameworks.sh",
				"${BUILT_PRODUCTS_DIR}/Alamofire/Alamofire.framework",
				"${BUILT_PRODUCTS_DIR}/FSPagerView/FSPagerView.framework",
				"${BUILT_PRODUCTS_DIR}/Kingfisher/Kingfisher.framework",
				"${BUILT_PRODUCTS_DIR}/SnapKit/SnapKit.framework",
				"${BUILT_PRODUCTS_DIR}/SwiftyJSON/SwiftyJSON.framework",
			);
			name = "[CP] Embed Pods Frameworks";
			outputPaths = (
				"${TARGET_BUILD_DIR}/${FRAMEWORKS_FOLDER_PATH}/Alamofire.framework",
				"${TARGET_BUILD_DIR}/${FRAMEWORKS_FOLDER_PATH}/FSPagerView.framework",
				"${TARGET_BUILD_DIR}/${FRAMEWORKS_FOLDER_PATH}/Kingfisher.framework",
				"${TARGET_BUILD_DIR}/${FRAMEWORKS_FOLDER_PATH}/SnapKit.framework",
				"${TARGET_BUILD_DIR}/${FRAMEWORKS_FOLDER_PATH}/SwiftyJSON.framework",
			);
			runOnlyForDeploymentPostprocessing = 0;
			shellPath = /bin/sh;
			shellScript = "\"${SRCROOT}/Pods/Target Support Files/Pods-WangSwift/Pods-WangSwift-frameworks.sh\"\n";
			showEnvVarsInLog = 0;
		};
		D6F4146F5D323B5D925FA9A5 /* [CP] Check Pods Manifest.lock */ = {
			isa = PBXShellScriptBuildPhase;
			buildActionMask = 2147483647;
			files = (
			);
			inputPaths = (
				"${PODS_PODFILE_DIR_PATH}/Podfile.lock",
				"${PODS_ROOT}/Manifest.lock",
			);
			name = "[CP] Check Pods Manifest.lock";
			outputPaths = (
				"$(DERIVED_FILE_DIR)/Pods-WangSwift-checkManifestLockResult.txt",
			);
			runOnlyForDeploymentPostprocessing = 0;
			shellPath = /bin/sh;
			shellScript = "diff \"${PODS_PODFILE_DIR_PATH}/Podfile.lock\" \"${PODS_ROOT}/Manifest.lock\" > /dev/null\nif [ $? != 0 ] ; then\n    # print error to STDERR\n    echo \"error: The sandbox is not in sync with the Podfile.lock. Run 'pod install' or update your CocoaPods installation.\" >&2\n    exit 1\nfi\n# This output is used by Xcode 'outputs' to avoid re-running this script phase.\necho \"SUCCESS\" > \"${SCRIPT_OUTPUT_FILE_0}\"\n";
			showEnvVarsInLog = 0;
		};
/* End PBXShellScriptBuildPhase section */

/* Begin PBXSourcesBuildPhase section */
		434447B31F74E5360085AC32 /* Sources */ = {
			isa = PBXSourcesBuildPhase;
			buildActionMask = 2147483647;
			files = (
				434447BA1F74E5360085AC32 /* WangSwiftTests.swift in Sources */,
			);
			runOnlyForDeploymentPostprocessing = 0;
		};
		43D281AD1F665BF700207847 /* Sources */ = {
			isa = PBXSourcesBuildPhase;
			buildActionMask = 2147483647;
			files = (
				4376A2011F7CF6C800F2AF42 /* MJRefreshAutoFooter.m in Sources */,
				4376A2021F7CF6C800F2AF42 /* MJRefreshBackFooter.m in Sources */,
				4376A2031F7CF6C800F2AF42 /* MJRefreshComponent.m in Sources */,
				4376A2041F7CF6C800F2AF42 /* MJRefreshFooter.m in Sources */,
				4376A2051F7CF6C800F2AF42 /* MJRefreshHeader.m in Sources */,
				4376A2061F7CF6C800F2AF42 /* MJRefreshAutoGifFooter.m in Sources */,
				4376A2071F7CF6C800F2AF42 /* MJRefreshAutoNormalFooter.m in Sources */,
				434567581F8F5EA6003F74EF /* WangBannerViewController.swift in Sources */,
				4376A2081F7CF6C800F2AF42 /* MJRefreshAutoStateFooter.m in Sources */,
				4376A2091F7CF6C800F2AF42 /* MJRefreshBackGifFooter.m in Sources */,
				4376A20A1F7CF6C800F2AF42 /* MJRefreshBackNormalFooter.m in Sources */,
				4376A20B1F7CF6C800F2AF42 /* MJRefreshBackStateFooter.m in Sources */,
				4376A20C1F7CF6C800F2AF42 /* MJRefreshGifHeader.m in Sources */,
				4376A20D1F7CF6C800F2AF42 /* MJRefreshStateHeader.m in Sources */,
				434567711F90A67C003F74EF /* TurntableView.m in Sources */,
				4376A20E1F7CF6C800F2AF42 /* MJRefreshConst.m in Sources */,
				4376A20F1F7CF6C800F2AF42 /* NSBundle+MJRefresh.m in Sources */,
				4376A2101F7CF6C800F2AF42 /* UIScrollView+MJExtension.m in Sources */,
				4376A2111F7CF6C800F2AF42 /* UIScrollView+MJRefresh.m in Sources */,
				4376A2121F7CF6C800F2AF42 /* UIView+MJExtension.m in Sources */,
				4376A2001F7CF67500F2AF42 /* MJRefreshNormalHeader.m in Sources */,
				43D281D21F67729700207847 /* WangAlamofireAndSwiftyJSONViewController.swift in Sources */,
				434567731F90AA15003F74EF /* WangTurntableViewController.swift in Sources */,
				43B5B3651F7CE40D008DE475 /* WangInstance.swift in Sources */,
				43382E921F6F6DA6008BDEBC /* AlgorithmRun.swift in Sources */,
				4348BA901F6BA31300B22D4B /* WangSnapKitViewController.swift in Sources */,
				43B5B2C01F78FF11008DE475 /* WangCATransform3DViewController.swift in Sources */,
				43D281B71F665BF700207847 /* ViewController.swift in Sources */,
				43D281DC1F68C17900207847 /* WangAutolayoutViewController.swift in Sources */,
				43D281CC1F66820B00207847 /* WangNetViewController.swift in Sources */,
				43B5B2BE1F78DF69008DE475 /* WangGCDViewController.swift in Sources */,
				43E773BA1F6A5BB8005C0734 /* Test.m in Sources */,
				43382E941F6F6F3B008BDEBC /* WangQueue.swift in Sources */,
				43E773BC1F6A5C41005C0734 /* WangOCBridgingViewController.swift in Sources */,
				43D281B51F665BF700207847 /* AppDelegate.swift in Sources */,
				43382E961F6F7471008BDEBC /* WangClosures.swift in Sources */,
				43D281CA1F66701700207847 /* WangUIViewController.swift in Sources */,
				43382E901F6F6CFA008BDEBC /* WangStack.swift in Sources */,
				43B5B2C21F7C8D83008DE475 /* WangCustomTableViewCell.swift in Sources */,
				4348BA921F6BA7F000B22D4B /* WangKingfisherViewController.swift in Sources */,
				4345675D1F8F630B003F74EF /* Const.swift in Sources */,
			);
			runOnlyForDeploymentPostprocessing = 0;
		};
/* End PBXSourcesBuildPhase section */

/* Begin PBXTargetDependency section */
		434447BD1F74E5360085AC32 /* PBXTargetDependency */ = {
			isa = PBXTargetDependency;
			target = 43D281B01F665BF700207847 /* WangSwift */;
			targetProxy = 434447BC1F74E5360085AC32 /* PBXContainerItemProxy */;
		};
/* End PBXTargetDependency section */

/* Begin PBXVariantGroup section */
		43D281BD1F665BF700207847 /* LaunchScreen.storyboard */ = {
			isa = PBXVariantGroup;
			children = (
				43D281BE1F665BF700207847 /* Base */,
			);
			name = LaunchScreen.storyboard;
			sourceTree = "<group>";
		};
/* End PBXVariantGroup section */

/* Begin XCBuildConfiguration section */
		434447BE1F74E5360085AC32 /* Debug */ = {
			isa = XCBuildConfiguration;
			buildSettings = {
				BUNDLE_LOADER = "$(TEST_HOST)";
				CODE_SIGN_STYLE = Automatic;
				DEVELOPMENT_TEAM = 436JJA3UCK;
				FRAMEWORK_SEARCH_PATHS = (
					"$(inherited)",
					"\"$PODS_CONFIGURATION_BUILD_DIR/Alamofire\"",
					"\"$PODS_CONFIGURATION_BUILD_DIR/Kingfisher\"",
					"\"$PODS_CONFIGURATION_BUILD_DIR/SnapKit\"",
					"\"$PODS_CONFIGURATION_BUILD_DIR/SwiftyJSON\"",
				);
				HEADER_SEARCH_PATHS = "$(SRCROOT)/**";
				INFOPLIST_FILE = WangSwiftTests/Info.plist;
				LD_RUNPATH_SEARCH_PATHS = "$(inherited) @executable_path/Frameworks @loader_path/Frameworks";
				PRODUCT_BUNDLE_IDENTIFIER = com.hkrt.WangSwiftTests;
				PRODUCT_NAME = "$(TARGET_NAME)";
				SWIFT_OBJC_BRIDGING_HEADER = "WangSwift-Bridging-Header.h";
				SWIFT_VERSION = 4.0;
				TARGETED_DEVICE_FAMILY = "1,2";
				TEST_HOST = "$(BUILT_PRODUCTS_DIR)/WangSwift.app/WangSwift";
			};
			name = Debug;
		};
		434447BF1F74E5360085AC32 /* Release */ = {
			isa = XCBuildConfiguration;
			buildSettings = {
				BUNDLE_LOADER = "$(TEST_HOST)";
				CODE_SIGN_STYLE = Automatic;
				DEVELOPMENT_TEAM = 436JJA3UCK;
				HEADER_SEARCH_PATHS = "$(SRCROOT)/**";
				INFOPLIST_FILE = WangSwiftTests/Info.plist;
				LD_RUNPATH_SEARCH_PATHS = "$(inherited) @executable_path/Frameworks @loader_path/Frameworks";
				PRODUCT_BUNDLE_IDENTIFIER = com.hkrt.WangSwiftTests;
				PRODUCT_NAME = "$(TARGET_NAME)";
				SWIFT_OBJC_BRIDGING_HEADER = "WangSwift-Bridging-Header.h";
				SWIFT_VERSION = 4.0;
				TARGETED_DEVICE_FAMILY = "1,2";
				TEST_HOST = "$(BUILT_PRODUCTS_DIR)/WangSwift.app/WangSwift";
			};
			name = Release;
		};
		43D281C11F665BF700207847 /* Debug */ = {
			isa = XCBuildConfiguration;
			buildSettings = {
				ALWAYS_SEARCH_USER_PATHS = NO;
				CLANG_ANALYZER_NONNULL = YES;
				CLANG_ANALYZER_NUMBER_OBJECT_CONVERSION = YES_AGGRESSIVE;
				CLANG_CXX_LANGUAGE_STANDARD = "gnu++14";
				CLANG_CXX_LIBRARY = "libc++";
				CLANG_ENABLE_MODULES = YES;
				CLANG_ENABLE_OBJC_ARC = YES;
				CLANG_WARN_BLOCK_CAPTURE_AUTORELEASING = YES;
				CLANG_WARN_BOOL_CONVERSION = YES;
				CLANG_WARN_COMMA = YES;
				CLANG_WARN_CONSTANT_CONVERSION = YES;
				CLANG_WARN_DIRECT_OBJC_ISA_USAGE = YES_ERROR;
				CLANG_WARN_DOCUMENTATION_COMMENTS = YES;
				CLANG_WARN_EMPTY_BODY = YES;
				CLANG_WARN_ENUM_CONVERSION = YES;
				CLANG_WARN_INFINITE_RECURSION = YES;
				CLANG_WARN_INT_CONVERSION = YES;
				CLANG_WARN_NON_LITERAL_NULL_CONVERSION = YES;
				CLANG_WARN_OBJC_LITERAL_CONVERSION = YES;
				CLANG_WARN_OBJC_ROOT_CLASS = YES_ERROR;
				CLANG_WARN_RANGE_LOOP_ANALYSIS = YES;
				CLANG_WARN_STRICT_PROTOTYPES = YES;
				CLANG_WARN_SUSPICIOUS_MOVE = YES;
				CLANG_WARN_UNGUARDED_AVAILABILITY = YES_AGGRESSIVE;
				CLANG_WARN_UNREACHABLE_CODE = YES;
				CLANG_WARN__DUPLICATE_METHOD_MATCH = YES;
				CODE_SIGN_IDENTITY = "iPhone Developer";
				COPY_PHASE_STRIP = NO;
				DEBUG_INFORMATION_FORMAT = dwarf;
				ENABLE_STRICT_OBJC_MSGSEND = YES;
				ENABLE_TESTABILITY = YES;
				GCC_C_LANGUAGE_STANDARD = gnu11;
				GCC_DYNAMIC_NO_PIC = NO;
				GCC_NO_COMMON_BLOCKS = YES;
				GCC_OPTIMIZATION_LEVEL = 0;
				GCC_PREPROCESSOR_DEFINITIONS = (
					"DEBUG=1",
					"$(inherited)",
				);
				GCC_WARN_64_TO_32_BIT_CONVERSION = YES;
				GCC_WARN_ABOUT_RETURN_TYPE = YES_ERROR;
				GCC_WARN_UNDECLARED_SELECTOR = YES;
				GCC_WARN_UNINITIALIZED_AUTOS = YES_AGGRESSIVE;
				GCC_WARN_UNUSED_FUNCTION = YES;
				GCC_WARN_UNUSED_VARIABLE = YES;
				IPHONEOS_DEPLOYMENT_TARGET = 11.0;
				MTL_ENABLE_DEBUG_INFO = YES;
				ONLY_ACTIVE_ARCH = YES;
				SDKROOT = iphoneos;
				SWIFT_ACTIVE_COMPILATION_CONDITIONS = DEBUG;
				SWIFT_OPTIMIZATION_LEVEL = "-Onone";
			};
			name = Debug;
		};
		43D281C21F665BF700207847 /* Release */ = {
			isa = XCBuildConfiguration;
			buildSettings = {
				ALWAYS_SEARCH_USER_PATHS = NO;
				CLANG_ANALYZER_NONNULL = YES;
				CLANG_ANALYZER_NUMBER_OBJECT_CONVERSION = YES_AGGRESSIVE;
				CLANG_CXX_LANGUAGE_STANDARD = "gnu++14";
				CLANG_CXX_LIBRARY = "libc++";
				CLANG_ENABLE_MODULES = YES;
				CLANG_ENABLE_OBJC_ARC = YES;
				CLANG_WARN_BLOCK_CAPTURE_AUTORELEASING = YES;
				CLANG_WARN_BOOL_CONVERSION = YES;
				CLANG_WARN_COMMA = YES;
				CLANG_WARN_CONSTANT_CONVERSION = YES;
				CLANG_WARN_DIRECT_OBJC_ISA_USAGE = YES_ERROR;
				CLANG_WARN_DOCUMENTATION_COMMENTS = YES;
				CLANG_WARN_EMPTY_BODY = YES;
				CLANG_WARN_ENUM_CONVERSION = YES;
				CLANG_WARN_INFINITE_RECURSION = YES;
				CLANG_WARN_INT_CONVERSION = YES;
				CLANG_WARN_NON_LITERAL_NULL_CONVERSION = YES;
				CLANG_WARN_OBJC_LITERAL_CONVERSION = YES;
				CLANG_WARN_OBJC_ROOT_CLASS = YES_ERROR;
				CLANG_WARN_RANGE_LOOP_ANALYSIS = YES;
				CLANG_WARN_STRICT_PROTOTYPES = YES;
				CLANG_WARN_SUSPICIOUS_MOVE = YES;
				CLANG_WARN_UNGUARDED_AVAILABILITY = YES_AGGRESSIVE;
				CLANG_WARN_UNREACHABLE_CODE = YES;
				CLANG_WARN__DUPLICATE_METHOD_MATCH = YES;
				CODE_SIGN_IDENTITY = "iPhone Developer";
				COPY_PHASE_STRIP = NO;
				DEBUG_INFORMATION_FORMAT = "dwarf-with-dsym";
				ENABLE_NS_ASSERTIONS = NO;
				ENABLE_STRICT_OBJC_MSGSEND = YES;
				GCC_C_LANGUAGE_STANDARD = gnu11;
				GCC_NO_COMMON_BLOCKS = YES;
				GCC_WARN_64_TO_32_BIT_CONVERSION = YES;
				GCC_WARN_ABOUT_RETURN_TYPE = YES_ERROR;
				GCC_WARN_UNDECLARED_SELECTOR = YES;
				GCC_WARN_UNINITIALIZED_AUTOS = YES_AGGRESSIVE;
				GCC_WARN_UNUSED_FUNCTION = YES;
				GCC_WARN_UNUSED_VARIABLE = YES;
				IPHONEOS_DEPLOYMENT_TARGET = 11.0;
				MTL_ENABLE_DEBUG_INFO = NO;
				SDKROOT = iphoneos;
				SWIFT_OPTIMIZATION_LEVEL = "-Owholemodule";
				VALIDATE_PRODUCT = YES;
			};
			name = Release;
		};
		43D281C41F665BF700207847 /* Debug */ = {
			isa = XCBuildConfiguration;
			baseConfigurationReference = 776B43EC864743423E65CB44 /* Pods-WangSwift.debug.xcconfig */;
			buildSettings = {
				ASSETCATALOG_COMPILER_APPICON_NAME = AppIcon;
				CLANG_ENABLE_MODULES = YES;
				CODE_SIGN_STYLE = Automatic;
				DEVELOPMENT_TEAM = 436JJA3UCK;
				GCC_PREFIX_HEADER = "";
				HEADER_SEARCH_PATHS = "$(SRCROOT)/**";
				INFOPLIST_FILE = WangSwift/Info.plist;
				LD_RUNPATH_SEARCH_PATHS = "$(inherited) @executable_path/Frameworks";
				LIBRARY_SEARCH_PATHS = "$(SRCROOT)/WangSwift/3RD/MJRefresh";
				PRODUCT_BUNDLE_IDENTIFIER = com.hkrt.WangSwift;
				PRODUCT_NAME = "$(TARGET_NAME)";
				SWIFT_OBJC_BRIDGING_HEADER = "WangSwift-Bridging-Header.h";
				SWIFT_OPTIMIZATION_LEVEL = "-Onone";
				SWIFT_VERSION = 4.0;
				TARGETED_DEVICE_FAMILY = "1,2";
			};
			name = Debug;
		};
		43D281C51F665BF700207847 /* Release */ = {
			isa = XCBuildConfiguration;
			baseConfigurationReference = 7B88C682E4EA4FF4A2FF7CEC /* Pods-WangSwift.release.xcconfig */;
			buildSettings = {
				ASSETCATALOG_COMPILER_APPICON_NAME = AppIcon;
				CLANG_ENABLE_MODULES = YES;
				CODE_SIGN_STYLE = Automatic;
				DEVELOPMENT_TEAM = 436JJA3UCK;
				GCC_PREFIX_HEADER = "";
				HEADER_SEARCH_PATHS = "$(SRCROOT)/**";
				INFOPLIST_FILE = WangSwift/Info.plist;
				LD_RUNPATH_SEARCH_PATHS = "$(inherited) @executable_path/Frameworks";
				LIBRARY_SEARCH_PATHS = "$(SRCROOT)/WangSwift/3RD/MJRefresh";
				PRODUCT_BUNDLE_IDENTIFIER = com.hkrt.WangSwift;
				PRODUCT_NAME = "$(TARGET_NAME)";
				SWIFT_OBJC_BRIDGING_HEADER = "WangSwift-Bridging-Header.h";
				SWIFT_VERSION = 4.0;
				TARGETED_DEVICE_FAMILY = "1,2";
			};
			name = Release;
		};
/* End XCBuildConfiguration section */

/* Begin XCConfigurationList section */
		434447C01F74E5360085AC32 /* Build configuration list for PBXNativeTarget "WangSwiftTests" */ = {
			isa = XCConfigurationList;
			buildConfigurations = (
				434447BE1F74E5360085AC32 /* Debug */,
				434447BF1F74E5360085AC32 /* Release */,
			);
			defaultConfigurationIsVisible = 0;
			defaultConfigurationName = Release;
		};
		43D281AC1F665BF700207847 /* Build configuration list for PBXProject "WangSwift" */ = {
			isa = XCConfigurationList;
			buildConfigurations = (
				43D281C11F665BF700207847 /* Debug */,
				43D281C21F665BF700207847 /* Release */,
			);
			defaultConfigurationIsVisible = 0;
			defaultConfigurationName = Release;
		};
		43D281C31F665BF700207847 /* Build configuration list for PBXNativeTarget "WangSwift" */ = {
			isa = XCConfigurationList;
			buildConfigurations = (
				43D281C41F665BF700207847 /* Debug */,
				43D281C51F665BF700207847 /* Release */,
			);
			defaultConfigurationIsVisible = 0;
			defaultConfigurationName = Release;
		};
/* End XCConfigurationList section */
	};
	rootObject = 43D281A91F665BF700207847 /* Project object */;
}
